
Microsoft Visual Studio Solution File, Format Version 12.00
# Visual Studio 15
VisualStudioVersion = 15.0.28307.1382
MinimumVisualStudioVersion = 10.0.40219.1
Project("{FAE04EC0-301F-11D3-BF4B-00C04F79EFBC}") = "mvcFundamentals", "mvcFundamentals\mvcFundamentals.csproj", "{36C8740A-9AA5-45F3-A498-A943B2075979}"
EndProject
Global
	GlobalSection(SolutionConfigurationPlatforms) = preSolution
		Debug|Any CPU = Debug|Any CPU
		Release|Any CPU = Release|Any CPU
	EndGlobalSection
	GlobalSection(ProjectConfigurationPlatforms) = postSolution
		{36C8740A-9AA5-45F3-A498-A943B2075979}.Debug|Any CPU.ActiveCfg = Debug|Any CPU
		{36C8740A-9AA5-45F3-A498-A943B2075979}.Debug|Any CPU.Build.0 = Debug|Any CPU
		{36C8740A-9AA5-45F3-A498-A943B2075979}.Release|Any CPU.ActiveCfg = Release|Any CPU
		{36C8740A-9AA5-45F3-A498-A943B2075979}.Release|Any CPU.Build.0 = Release|Any CPU
	EndGlobalSection
	GlobalSection(SolutionProperties) = preSolution
		HideSolutionNode = FALSE
	EndGlobalSection
	GlobalSection(ExtensibilityGlobals) = postSolution
		SolutionGuid = {471B2A0F-D2FD-4FD3-9E01-09DE5AB41981}
	EndGlobalSection
EndGlobal
