
Microsoft Visual Studio Solution File, Format Version 12.00
# Visual Studio 15
VisualStudioVersion = 15.0.28307.1382
MinimumVisualStudioVersion = 10.0.40219.1
Project("{FAE04EC0-301F-11D3-BF4B-00C04F79EFBC}") = "mvcDataTransfer", "mvcDataTransfer\mvcDataTransfer.csproj", "{83F2F676-4DC0-4C14-A842-DE812A2741A8}"
EndProject
Global
	GlobalSection(SolutionConfigurationPlatforms) = preSolution
		Debug|Any CPU = Debug|Any CPU
		Release|Any CPU = Release|Any CPU
	EndGlobalSection
	GlobalSection(ProjectConfigurationPlatforms) = postSolution
		{83F2F676-4DC0-4C14-A842-DE812A2741A8}.Debug|Any CPU.ActiveCfg = Debug|Any CPU
		{83F2F676-4DC0-4C14-A842-DE812A2741A8}.Debug|Any CPU.Build.0 = Debug|Any CPU
		{83F2F676-4DC0-4C14-A842-DE812A2741A8}.Release|Any CPU.ActiveCfg = Release|Any CPU
		{83F2F676-4DC0-4C14-A842-DE812A2741A8}.Release|Any CPU.Build.0 = Release|Any CPU
	EndGlobalSection
	GlobalSection(SolutionProperties) = preSolution
		HideSolutionNode = FALSE
	EndGlobalSection
	GlobalSection(ExtensibilityGlobals) = postSolution
		SolutionGuid = {06BF72CA-4896-4101-AA68-0542449590AF}
	EndGlobalSection
EndGlobal
